
Microsoft Visual Studio Solution File, Format Version 12.00
# Visual Studio 2012
Project("{FAE04EC0-301F-11D3-BF4B-00C04F79EFBC}") = "digitalClock", "digitalClock\digitalClock.csproj", "{817D6B82-F2D2-4C21-9BFF-18D0387573DF}"
EndProject
Global
	GlobalSection(SolutionConfigurationPlatforms) = preSolution
		Debug|x86 = Debug|x86
		Release|x86 = Release|x86
	EndGlobalSection
	GlobalSection(ProjectConfigurationPlatforms) = postSolution
		{817D6B82-F2D2-4C21-9BFF-18D0387573DF}.Debug|x86.ActiveCfg = Debug|x86
		{817D6B82-F2D2-4C21-9BFF-18D0387573DF}.Debug|x86.Build.0 = Debug|x86
		{817D6B82-F2D2-4C21-9BFF-18D0387573DF}.Release|x86.ActiveCfg = Release|x86
		{817D6B82-F2D2-4C21-9BFF-18D0387573DF}.Release|x86.Build.0 = Release|x86
	EndGlobalSection
EndGlobal
